
Microsoft Visual Studio Solution File, Format Version 12.00
# Visual Studio Version 17
VisualStudioVersion = 17.11.35327.3
MinimumVisualStudioVersion = 10.0.40219.1
Project("{FAE04EC0-301F-11D3-BF4B-00C04F79EFBC}") = "OrderApi.Domain", "OrderApi.Domain\OrderApi.Domain.csproj", "{B146C8D2-C79A-4E2B-B706-C17AADF1F1C7}"
EndProject
Project("{FAE04EC0-301F-11D3-BF4B-00C04F79EFBC}") = "OrderApi.Application", "OrderApi.Application\OrderApi.Application.csproj", "{744A2C16-5306-4D24-8C9D-A5945402325A}"
EndProject
Project("{FAE04EC0-301F-11D3-BF4B-00C04F79EFBC}") = "OrderApi.Infrastructure", "OrderApi.Infrastructure\OrderApi.Infrastructure.csproj", "{D3D1CB34-0706-4653-8C05-0F511C7A2BBA}"
EndProject
Project("{FAE04EC0-301F-11D3-BF4B-00C04F79EFBC}") = "OrderApi.Presentation", "OrderApi.Presentation\OrderApi.Presentation.csproj", "{7C46459F-3539-4201-8CDA-19B4F95D5E64}"
EndProject
Project("{9A19103F-16F7-4668-BE54-9A1E7A4F7556}") = "Lib", "..\..\Lib\Lib.csproj", "{ECAA42E6-74CB-4332-88C8-F5A5EE1F25E7}"
EndProject
Global
	GlobalSection(SolutionConfigurationPlatforms) = preSolution
		Debug|Any CPU = Debug|Any CPU
		Release|Any CPU = Release|Any CPU
	EndGlobalSection
	GlobalSection(ProjectConfigurationPlatforms) = postSolution
		{B146C8D2-C79A-4E2B-B706-C17AADF1F1C7}.Debug|Any CPU.ActiveCfg = Debug|Any CPU
		{B146C8D2-C79A-4E2B-B706-C17AADF1F1C7}.Debug|Any CPU.Build.0 = Debug|Any CPU
		{B146C8D2-C79A-4E2B-B706-C17AADF1F1C7}.Release|Any CPU.ActiveCfg = Release|Any CPU
		{B146C8D2-C79A-4E2B-B706-C17AADF1F1C7}.Release|Any CPU.Build.0 = Release|Any CPU
		{744A2C16-5306-4D24-8C9D-A5945402325A}.Debug|Any CPU.ActiveCfg = Debug|Any CPU
		{744A2C16-5306-4D24-8C9D-A5945402325A}.Debug|Any CPU.Build.0 = Debug|Any CPU
		{744A2C16-5306-4D24-8C9D-A5945402325A}.Release|Any CPU.ActiveCfg = Release|Any CPU
		{744A2C16-5306-4D24-8C9D-A5945402325A}.Release|Any CPU.Build.0 = Release|Any CPU
		{D3D1CB34-0706-4653-8C05-0F511C7A2BBA}.Debug|Any CPU.ActiveCfg = Debug|Any CPU
		{D3D1CB34-0706-4653-8C05-0F511C7A2BBA}.Debug|Any CPU.Build.0 = Debug|Any CPU
		{D3D1CB34-0706-4653-8C05-0F511C7A2BBA}.Release|Any CPU.ActiveCfg = Release|Any CPU
		{D3D1CB34-0706-4653-8C05-0F511C7A2BBA}.Release|Any CPU.Build.0 = Release|Any CPU
		{7C46459F-3539-4201-8CDA-19B4F95D5E64}.Debug|Any CPU.ActiveCfg = Debug|Any CPU
		{7C46459F-3539-4201-8CDA-19B4F95D5E64}.Debug|Any CPU.Build.0 = Debug|Any CPU
		{7C46459F-3539-4201-8CDA-19B4F95D5E64}.Release|Any CPU.ActiveCfg = Release|Any CPU
		{7C46459F-3539-4201-8CDA-19B4F95D5E64}.Release|Any CPU.Build.0 = Release|Any CPU
		{ECAA42E6-74CB-4332-88C8-F5A5EE1F25E7}.Debug|Any CPU.ActiveCfg = Debug|Any CPU
		{ECAA42E6-74CB-4332-88C8-F5A5EE1F25E7}.Debug|Any CPU.Build.0 = Debug|Any CPU
		{ECAA42E6-74CB-4332-88C8-F5A5EE1F25E7}.Release|Any CPU.ActiveCfg = Release|Any CPU
		{ECAA42E6-74CB-4332-88C8-F5A5EE1F25E7}.Release|Any CPU.Build.0 = Release|Any CPU
	EndGlobalSection
	GlobalSection(SolutionProperties) = preSolution
		HideSolutionNode = FALSE
	EndGlobalSection
	GlobalSection(ExtensibilityGlobals) = postSolution
		SolutionGuid = {1B06BAF1-B39B-4209-B1D8-0246E9C3ACBD}
	EndGlobalSection
EndGlobal
